
Microsoft Visual Studio Solution File, Format Version 12.00
# Visual Studio 2012
Project("{FAE04EC0-301F-11D3-BF4B-00C04F79EFBC}") = "SqlReader", "SqlReader\SqlReader.csproj", "{63BDBA02-8DC7-4966-A1AE-4D70F48F4645}"
EndProject
Project("{FAE04EC0-301F-11D3-BF4B-00C04F79EFBC}") = "SqlReader.Tests", "SqlReader.Tests\SqlReader.Tests.csproj", "{6E89B0E4-2D17-4B56-8D24-B4B335862BA9}"
EndProject
Project("{2150E333-8FDC-42A3-9474-1A3956D46DE8}") = ".nuget", ".nuget", "{0A74E018-BA26-4E19-B0A9-82FE17D82ACB}"
	ProjectSection(SolutionItems) = preProject
		.nuget\NuGet.Config = .nuget\NuGet.Config
		.nuget\NuGet.exe = .nuget\NuGet.exe
		.nuget\NuGet.targets = .nuget\NuGet.targets
	EndProjectSection
EndProject
Global
	GlobalSection(SolutionConfigurationPlatforms) = preSolution
		Debug|Any CPU = Debug|Any CPU
		Release|Any CPU = Release|Any CPU
	EndGlobalSection
	GlobalSection(ProjectConfigurationPlatforms) = postSolution
		{63BDBA02-8DC7-4966-A1AE-4D70F48F4645}.Debug|Any CPU.ActiveCfg = Debug|Any CPU
		{63BDBA02-8DC7-4966-A1AE-4D70F48F4645}.Debug|Any CPU.Build.0 = Debug|Any CPU
		{63BDBA02-8DC7-4966-A1AE-4D70F48F4645}.Release|Any CPU.ActiveCfg = Release|Any CPU
		{63BDBA02-8DC7-4966-A1AE-4D70F48F4645}.Release|Any CPU.Build.0 = Release|Any CPU
		{6E89B0E4-2D17-4B56-8D24-B4B335862BA9}.Debug|Any CPU.ActiveCfg = Debug|Any CPU
		{6E89B0E4-2D17-4B56-8D24-B4B335862BA9}.Debug|Any CPU.Build.0 = Debug|Any CPU
		{6E89B0E4-2D17-4B56-8D24-B4B335862BA9}.Release|Any CPU.ActiveCfg = Release|Any CPU
		{6E89B0E4-2D17-4B56-8D24-B4B335862BA9}.Release|Any CPU.Build.0 = Release|Any CPU
	EndGlobalSection
	GlobalSection(SolutionProperties) = preSolution
		HideSolutionNode = FALSE
	EndGlobalSection
EndGlobal
