
Microsoft Visual Studio Solution File, Format Version 12.00
# Visual Studio 2013
VisualStudioVersion = 12.0.21005.1
MinimumVisualStudioVersion = 10.0.40219.1
Project("{FAE04EC0-301F-11D3-BF4B-00C04F79EFBC}") = "SqlReader", ".\SqlReader\SqlReader.csproj", "{63BDBA02-8DC7-4966-A1AE-4D70F48F4645}"
EndProject
Project("{FAE04EC0-301F-11D3-BF4B-00C04F79EFBC}") = "SqlReader.Tests", ".\SqlReader.Tests\SqlReader.Tests.csproj", "{6FC349E3-42D7-4F15-806C-3C2BADA952AC}"
EndProject
Global
	GlobalSection(SolutionConfigurationPlatforms) = preSolution
		Debug|Any CPU = Debug|Any CPU
		Release|Any CPU = Release|Any CPU
	EndGlobalSection
	GlobalSection(ProjectConfigurationPlatforms) = postSolution
		{63BDBA02-8DC7-4966-A1AE-4D70F48F4645}.Debug|Any CPU.ActiveCfg = Debug|Any CPU
		{63BDBA02-8DC7-4966-A1AE-4D70F48F4645}.Debug|Any CPU.Build.0 = Debug|Any CPU
		{63BDBA02-8DC7-4966-A1AE-4D70F48F4645}.Release|Any CPU.ActiveCfg = Release|Any CPU
		{63BDBA02-8DC7-4966-A1AE-4D70F48F4645}.Release|Any CPU.Build.0 = Release|Any CPU
		{6FC349E3-42D7-4F15-806C-3C2BADA952AC}.Debug|Any CPU.ActiveCfg = Debug|Any CPU
		{6FC349E3-42D7-4F15-806C-3C2BADA952AC}.Debug|Any CPU.Build.0 = Debug|Any CPU
		{6FC349E3-42D7-4F15-806C-3C2BADA952AC}.Release|Any CPU.ActiveCfg = Release|Any CPU
		{6FC349E3-42D7-4F15-806C-3C2BADA952AC}.Release|Any CPU.Build.0 = Release|Any CPU
	EndGlobalSection
	GlobalSection(SolutionProperties) = preSolution
		HideSolutionNode = FALSE
	EndGlobalSection
EndGlobal
